
Microsoft Visual Studio Solution File, Format Version 12.00
# Visual Studio Version 17
VisualStudioVersion = 17.0.31903.59
MinimumVisualStudioVersion = 10.0.40219.1
Project("{FAE04EC0-301F-11D3-BF4B-00C04F79EFBC}") = "MyBlueprintApi", "MyBlueprintApi\MyBlueprintApi.csproj", "{1F6B7C8A-8611-411F-9C98-0F30B6E84272}"
EndProject
Project("{FAE04EC0-301F-11D3-BF4B-00C04F79EFBC}") = "Tests", "Tests\Tests.csproj", "{380B6C40-B8CF-484A-AEC9-C30998A6B50B}"
EndProject
Global
	GlobalSection(SolutionConfigurationPlatforms) = preSolution
		Debug|Any CPU = Debug|Any CPU
		Debug|x64 = Debug|x64
		Debug|x86 = Debug|x86
		Release|Any CPU = Release|Any CPU
		Release|x64 = Release|x64
		Release|x86 = Release|x86
	EndGlobalSection
	GlobalSection(ProjectConfigurationPlatforms) = postSolution
		{1F6B7C8A-8611-411F-9C98-0F30B6E84272}.Debug|Any CPU.ActiveCfg = Debug|Any CPU
		{1F6B7C8A-8611-411F-9C98-0F30B6E84272}.Debug|Any CPU.Build.0 = Debug|Any CPU
		{1F6B7C8A-8611-411F-9C98-0F30B6E84272}.Debug|x64.ActiveCfg = Debug|Any CPU
		{1F6B7C8A-8611-411F-9C98-0F30B6E84272}.Debug|x64.Build.0 = Debug|Any CPU
		{1F6B7C8A-8611-411F-9C98-0F30B6E84272}.Debug|x86.ActiveCfg = Debug|Any CPU
		{1F6B7C8A-8611-411F-9C98-0F30B6E84272}.Debug|x86.Build.0 = Debug|Any CPU
		{1F6B7C8A-8611-411F-9C98-0F30B6E84272}.Release|Any CPU.ActiveCfg = Release|Any CPU
		{1F6B7C8A-8611-411F-9C98-0F30B6E84272}.Release|Any CPU.Build.0 = Release|Any CPU
		{1F6B7C8A-8611-411F-9C98-0F30B6E84272}.Release|x64.ActiveCfg = Release|Any CPU
		{1F6B7C8A-8611-411F-9C98-0F30B6E84272}.Release|x64.Build.0 = Release|Any CPU
		{1F6B7C8A-8611-411F-9C98-0F30B6E84272}.Release|x86.ActiveCfg = Release|Any CPU
		{1F6B7C8A-8611-411F-9C98-0F30B6E84272}.Release|x86.Build.0 = Release|Any CPU
		{380B6C40-B8CF-484A-AEC9-C30998A6B50B}.Debug|Any CPU.ActiveCfg = Debug|Any CPU
		{380B6C40-B8CF-484A-AEC9-C30998A6B50B}.Debug|Any CPU.Build.0 = Debug|Any CPU
		{380B6C40-B8CF-484A-AEC9-C30998A6B50B}.Debug|x64.ActiveCfg = Debug|Any CPU
		{380B6C40-B8CF-484A-AEC9-C30998A6B50B}.Debug|x64.Build.0 = Debug|Any CPU
		{380B6C40-B8CF-484A-AEC9-C30998A6B50B}.Debug|x86.ActiveCfg = Debug|Any CPU
		{380B6C40-B8CF-484A-AEC9-C30998A6B50B}.Debug|x86.Build.0 = Debug|Any CPU
		{380B6C40-B8CF-484A-AEC9-C30998A6B50B}.Release|Any CPU.ActiveCfg = Release|Any CPU
		{380B6C40-B8CF-484A-AEC9-C30998A6B50B}.Release|Any CPU.Build.0 = Release|Any CPU
		{380B6C40-B8CF-484A-AEC9-C30998A6B50B}.Release|x64.ActiveCfg = Release|Any CPU
		{380B6C40-B8CF-484A-AEC9-C30998A6B50B}.Release|x64.Build.0 = Release|Any CPU
		{380B6C40-B8CF-484A-AEC9-C30998A6B50B}.Release|x86.ActiveCfg = Release|Any CPU
		{380B6C40-B8CF-484A-AEC9-C30998A6B50B}.Release|x86.Build.0 = Release|Any CPU
	EndGlobalSection
	GlobalSection(SolutionProperties) = preSolution
		HideSolutionNode = FALSE
	EndGlobalSection
EndGlobal
